
Microsoft Visual Studio Solution File, Format Version 12.00
# Visual Studio Version 17
VisualStudioVersion = 17.8.34525.116
MinimumVisualStudioVersion = 10.0.40219.1
Project("{9A19103F-16F7-4668-BE54-9A1E7A4F7556}") = "Workaround", "Workaround\Workaround.csproj", "{7E725DEC-9F04-4DE7-A83A-0FD2B89AE0EA}"
EndProject
Project("{FAE04EC0-301F-11D3-BF4B-00C04F79EFBC}") = "Entities", "Entities\Entities.csproj", "{F7A46DE5-E6E1-4904-A86A-E4B0D3BD8913}"
EndProject
Project("{FAE04EC0-301F-11D3-BF4B-00C04F79EFBC}") = "Business", "Business\Business.csproj", "{1AD4EBA7-4452-451C-A9F3-471172694CD7}"
EndProject
Global
	GlobalSection(SolutionConfigurationPlatforms) = preSolution
		Debug|Any CPU = Debug|Any CPU
		Release|Any CPU = Release|Any CPU
	EndGlobalSection
	GlobalSection(ProjectConfigurationPlatforms) = postSolution
		{7E725DEC-9F04-4DE7-A83A-0FD2B89AE0EA}.Debug|Any CPU.ActiveCfg = Debug|Any CPU
		{7E725DEC-9F04-4DE7-A83A-0FD2B89AE0EA}.Debug|Any CPU.Build.0 = Debug|Any CPU
		{7E725DEC-9F04-4DE7-A83A-0FD2B89AE0EA}.Release|Any CPU.ActiveCfg = Release|Any CPU
		{7E725DEC-9F04-4DE7-A83A-0FD2B89AE0EA}.Release|Any CPU.Build.0 = Release|Any CPU
		{F7A46DE5-E6E1-4904-A86A-E4B0D3BD8913}.Debug|Any CPU.ActiveCfg = Debug|Any CPU
		{F7A46DE5-E6E1-4904-A86A-E4B0D3BD8913}.Debug|Any CPU.Build.0 = Debug|Any CPU
		{F7A46DE5-E6E1-4904-A86A-E4B0D3BD8913}.Release|Any CPU.ActiveCfg = Release|Any CPU
		{F7A46DE5-E6E1-4904-A86A-E4B0D3BD8913}.Release|Any CPU.Build.0 = Release|Any CPU
		{1AD4EBA7-4452-451C-A9F3-471172694CD7}.Debug|Any CPU.ActiveCfg = Debug|Any CPU
		{1AD4EBA7-4452-451C-A9F3-471172694CD7}.Debug|Any CPU.Build.0 = Debug|Any CPU
		{1AD4EBA7-4452-451C-A9F3-471172694CD7}.Release|Any CPU.ActiveCfg = Release|Any CPU
		{1AD4EBA7-4452-451C-A9F3-471172694CD7}.Release|Any CPU.Build.0 = Release|Any CPU
	EndGlobalSection
	GlobalSection(SolutionProperties) = preSolution
		HideSolutionNode = FALSE
	EndGlobalSection
	GlobalSection(ExtensibilityGlobals) = postSolution
		SolutionGuid = {6684D286-B3B5-4B10-A072-9CED3E610C5C}
	EndGlobalSection
EndGlobal
